// !$*UTF8*$!
{
	archiveVersion = 1;
	classes = {
	};
	objectVersion = 56;
	objects = {

/* Begin PBXBuildFile section */
		0F318FC72B5F8A0400840189 /* AppDelegate.swift in Sources */ = {isa = PBXBuildFile; fileRef = 0F318FC62B5F8A0400840189 /* AppDelegate.swift */; };
		0F318FC92B5F8A0400840189 /* SceneDelegate.swift in Sources */ = {isa = PBXBuildFile; fileRef = 0F318FC82B5F8A0400840189 /* SceneDelegate.swift */; };
		0F318FCE2B5F8A0400840189 /* Main.storyboard in Resources */ = {isa = PBXBuildFile; fileRef = 0F318FCC2B5F8A0400840189 /* Main.storyboard */; };
		0F318FD02B5F8A0400840189 /* Assets.xcassets in Resources */ = {isa = PBXBuildFile; fileRef = 0F318FCF2B5F8A0400840189 /* Assets.xcassets */; };
		0F318FD32B5F8A0400840189 /* LaunchScreen.storyboard in Resources */ = {isa = PBXBuildFile; fileRef = 0F318FD12B5F8A0400840189 /* LaunchScreen.storyboard */; };
		0F318FDE2B5F8A0500840189 /* EmojiDictionaryTests.swift in Sources */ = {isa = PBXBuildFile; fileRef = 0F318FDD2B5F8A0500840189 /* EmojiDictionaryTests.swift */; };
		0F318FE82B5F8A0500840189 /* EmojiDictionaryUITests.swift in Sources */ = {isa = PBXBuildFile; fileRef = 0F318FE72B5F8A0500840189 /* EmojiDictionaryUITests.swift */; };
		0F318FEA2B5F8A0500840189 /* EmojiDictionaryUITestsLaunchTests.swift in Sources */ = {isa = PBXBuildFile; fileRef = 0F318FE92B5F8A0500840189 /* EmojiDictionaryUITestsLaunchTests.swift */; };
		0F318FF72B5F8A5F00840189 /* Emoji.swift in Sources */ = {isa = PBXBuildFile; fileRef = 0F318FF62B5F8A5F00840189 /* Emoji.swift */; };
		0F318FF92B5F8C9900840189 /* EmojiTableViewController.swift in Sources */ = {isa = PBXBuildFile; fileRef = 0F318FF82B5F8C9900840189 /* EmojiTableViewController.swift */; };
		0F318FFB2B5FAEF000840189 /* EmojiTableViewCell.swift in Sources */ = {isa = PBXBuildFile; fileRef = 0F318FFA2B5FAEF000840189 /* EmojiTableViewCell.swift */; };
		0F318FFD2B5FB71100840189 /* AddEditEmojiTableViewController.swift in Sources */ = {isa = PBXBuildFile; fileRef = 0F318FFC2B5FB71100840189 /* AddEditEmojiTableViewController.swift */; };
/* End PBXBuildFile section */

/* Begin PBXContainerItemProxy section */
		0F318FDA2B5F8A0500840189 /* PBXContainerItemProxy */ = {
			isa = PBXContainerItemProxy;
			containerPortal = 0F318FBB2B5F8A0400840189 /* Project object */;
			proxyType = 1;
			remoteGlobalIDString = 0F318FC22B5F8A0400840189;
			remoteInfo = EmojiDictionary;
		};
		0F318FE42B5F8A0500840189 /* PBXContainerItemProxy */ = {
			isa = PBXContainerItemProxy;
			containerPortal = 0F318FBB2B5F8A0400840189 /* Project object */;
			proxyType = 1;
			remoteGlobalIDString = 0F318FC22B5F8A0400840189;
			remoteInfo = EmojiDictionary;
		};
/* End PBXContainerItemProxy section */

/* Begin PBXFileReference section */
		0F318FC32B5F8A0400840189 /* EmojiDictionary.app */ = {isa = PBXFileReference; explicitFileType = wrapper.application; includeInIndex = 0; path = EmojiDictionary.app; sourceTree = BUILT_PRODUCTS_DIR; };
		0F318FC62B5F8A0400840189 /* AppDelegate.swift */ = {isa = PBXFileReference; lastKnownFileType = sourcecode.swift; path = AppDelegate.swift; sourceTree = "<group>"; };
		0F318FC82B5F8A0400840189 /* SceneDelegate.swift */ = {isa = PBXFileReference; lastKnownFileType = sourcecode.swift; path = SceneDelegate.swift; sourceTree = "<group>"; };
		0F318FCD2B5F8A0400840189 /* Base */ = {isa = PBXFileReference; lastKnownFileType = file.storyboard; name = Base; path = Base.lproj/Main.storyboard; sourceTree = "<group>"; };
		0F318FCF2B5F8A0400840189 /* Assets.xcassets */ = {isa = PBXFileReference; lastKnownFileType = folder.assetcatalog; path = Assets.xcassets; sourceTree = "<group>"; };
		0F318FD22B5F8A0400840189 /* Base */ = {isa = PBXFileReference; lastKnownFileType = file.storyboard; name = Base; path = Base.lproj/LaunchScreen.storyboard; sourceTree = "<group>"; };
		0F318FD42B5F8A0400840189 /* Info.plist */ = {isa = PBXFileReference; lastKnownFileType = text.plist.xml; path = Info.plist; sourceTree = "<group>"; };
		0F318FD92B5F8A0500840189 /* EmojiDictionaryTests.xctest */ = {isa = PBXFileReference; explicitFileType = wrapper.cfbundle; includeInIndex = 0; path = EmojiDictionaryTests.xctest; sourceTree = BUILT_PRODUCTS_DIR; };
		0F318FDD2B5F8A0500840189 /* EmojiDictionaryTests.swift */ = {isa = PBXFileReference; lastKnownFileType = sourcecode.swift; path = EmojiDictionaryTests.swift; sourceTree = "<group>"; };
		0F318FE32B5F8A0500840189 /* EmojiDictionaryUITests.xctest */ = {isa = PBXFileReference; explicitFileType = wrapper.cfbundle; includeInIndex = 0; path = EmojiDictionaryUITests.xctest; sourceTree = BUILT_PRODUCTS_DIR; };
		0F318FE72B5F8A0500840189 /* EmojiDictionaryUITests.swift */ = {isa = PBXFileReference; lastKnownFileType = sourcecode.swift; path = EmojiDictionaryUITests.swift; sourceTree = "<group>"; };
		0F318FE92B5F8A0500840189 /* EmojiDictionaryUITestsLaunchTests.swift */ = {isa = PBXFileReference; lastKnownFileType = sourcecode.swift; path = EmojiDictionaryUITestsLaunchTests.swift; sourceTree = "<group>"; };
		0F318FF62B5F8A5F00840189 /* Emoji.swift */ = {isa = PBXFileReference; lastKnownFileType = sourcecode.swift; path = Emoji.swift; sourceTree = "<group>"; };
		0F318FF82B5F8C9900840189 /* EmojiTableViewController.swift */ = {isa = PBXFileReference; lastKnownFileType = sourcecode.swift; path = EmojiTableViewController.swift; sourceTree = "<group>"; };
		0F318FFA2B5FAEF000840189 /* EmojiTableViewCell.swift */ = {isa = PBXFileReference; lastKnownFileType = sourcecode.swift; path = EmojiTableViewCell.swift; sourceTree = "<group>"; };
		0F318FFC2B5FB71100840189 /* AddEditEmojiTableViewController.swift */ = {isa = PBXFileReference; lastKnownFileType = sourcecode.swift; path = AddEditEmojiTableViewController.swift; sourceTree = "<group>"; };
/* End PBXFileReference section */

/* Begin PBXFrameworksBuildPhase section */
		0F318FC02B5F8A0400840189 /* Frameworks */ = {
			isa = PBXFrameworksBuildPhase;
			buildActionMask = 2147483647;
			files = (
			);
			runOnlyForDeploymentPostprocessing = 0;
		};
		0F318FD62B5F8A0500840189 /* Frameworks */ = {
			isa = PBXFrameworksBuildPhase;
			buildActionMask = 2147483647;
			files = (
			);
			runOnlyForDeploymentPostprocessing = 0;
		};
		0F318FE02B5F8A0500840189 /* Frameworks */ = {
			isa = PBXFrameworksBuildPhase;
			buildActionMask = 2147483647;
			files = (
			);
			runOnlyForDeploymentPostprocessing = 0;
		};
/* End PBXFrameworksBuildPhase section */

/* Begin PBXGroup section */
		0F318FBA2B5F8A0400840189 = {
			isa = PBXGroup;
			children = (
				0F318FC52B5F8A0400840189 /* EmojiDictionary */,
				0F318FDC2B5F8A0500840189 /* EmojiDictionaryTests */,
				0F318FE62B5F8A0500840189 /* EmojiDictionaryUITests */,
				0F318FC42B5F8A0400840189 /* Products */,
			);
			sourceTree = "<group>";
		};
		0F318FC42B5F8A0400840189 /* Products */ = {
			isa = PBXGroup;
			children = (
				0F318FC32B5F8A0400840189 /* EmojiDictionary.app */,
				0F318FD92B5F8A0500840189 /* EmojiDictionaryTests.xctest */,
				0F318FE32B5F8A0500840189 /* EmojiDictionaryUITests.xctest */,
			);
			name = Products;
			sourceTree = "<group>";
		};
		0F318FC52B5F8A0400840189 /* EmojiDictionary */ = {
			isa = PBXGroup;
			children = (
				0F318FC62B5F8A0400840189 /* AppDelegate.swift */,
				0F318FC82B5F8A0400840189 /* SceneDelegate.swift */,
				0F318FCC2B5F8A0400840189 /* Main.storyboard */,
				0F318FFC2B5FB71100840189 /* AddEditEmojiTableViewController.swift */,
				0F318FFA2B5FAEF000840189 /* EmojiTableViewCell.swift */,
				0F318FF82B5F8C9900840189 /* EmojiTableViewController.swift */,
				0F318FF62B5F8A5F00840189 /* Emoji.swift */,
				0F318FCF2B5F8A0400840189 /* Assets.xcassets */,
				0F318FD12B5F8A0400840189 /* LaunchScreen.storyboard */,
				0F318FD42B5F8A0400840189 /* Info.plist */,
			);
			path = EmojiDictionary;
			sourceTree = "<group>";
		};
		0F318FDC2B5F8A0500840189 /* EmojiDictionaryTests */ = {
			isa = PBXGroup;
			children = (
				0F318FDD2B5F8A0500840189 /* EmojiDictionaryTests.swift */,
			);
			path = EmojiDictionaryTests;
			sourceTree = "<group>";
		};
		0F318FE62B5F8A0500840189 /* EmojiDictionaryUITests */ = {
			isa = PBXGroup;
			children = (
				0F318FE72B5F8A0500840189 /* EmojiDictionaryUITests.swift */,
				0F318FE92B5F8A0500840189 /* EmojiDictionaryUITestsLaunchTests.swift */,
			);
			path = EmojiDictionaryUITests;
			sourceTree = "<group>";
		};
/* End PBXGroup section */

/* Begin PBXNativeTarget section */
		0F318FC22B5F8A0400840189 /* EmojiDictionary */ = {
			isa = PBXNativeTarget;
			buildConfigurationList = 0F318FED2B5F8A0500840189 /* Build configuration list for PBXNativeTarget "EmojiDictionary" */;
			buildPhases = (
				0F318FBF2B5F8A0400840189 /* Sources */,
				0F318FC02B5F8A0400840189 /* Frameworks */,
				0F318FC12B5F8A0400840189 /* Resources */,
			);
			buildRules = (
			);
			dependencies = (
			);
			name = EmojiDictionary;
			productName = EmojiDictionary;
			productReference = 0F318FC32B5F8A0400840189 /* EmojiDictionary.app */;
			productType = "com.apple.product-type.application";
		};
		0F318FD82B5F8A0500840189 /* EmojiDictionaryTests */ = {
			isa = PBXNativeTarget;
			buildConfigurationList = 0F318FF02B5F8A0500840189 /* Build configuration list for PBXNativeTarget "EmojiDictionaryTests" */;
			buildPhases = (
				0F318FD52B5F8A0500840189 /* Sources */,
				0F318FD62B5F8A0500840189 /* Frameworks */,
				0F318FD72B5F8A0500840189 /* Resources */,
			);
			buildRules = (
			);
			dependencies = (
				0F318FDB2B5F8A0500840189 /* PBXTargetDependency */,
			);
			name = EmojiDictionaryTests;
			productName = EmojiDictionaryTests;
			productReference = 0F318FD92B5F8A0500840189 /* EmojiDictionaryTests.xctest */;
			productType = "com.apple.product-type.bundle.unit-test";
		};
		0F318FE22B5F8A0500840189 /* EmojiDictionaryUITests */ = {
			isa = PBXNativeTarget;
			buildConfigurationList = 0F318FF32B5F8A0500840189 /* Build configuration list for PBXNativeTarget "EmojiDictionaryUITests" */;
			buildPhases = (
				0F318FDF2B5F8A0500840189 /* Sources */,
				0F318FE02B5F8A0500840189 /* Frameworks */,
				0F318FE12B5F8A0500840189 /* Resources */,
			);
			buildRules = (
			);
			dependencies = (
				0F318FE52B5F8A0500840189 /* PBXTargetDependency */,
			);
			name = EmojiDictionaryUITests;
			productName = EmojiDictionaryUITests;
			productReference = 0F318FE32B5F8A0500840189 /* EmojiDictionaryUITests.xctest */;
			productType = "com.apple.product-type.bundle.ui-testing";
		};
/* End PBXNativeTarget section */

/* Begin PBXProject section */
		0F318FBB2B5F8A0400840189 /* Project object */ = {
			isa = PBXProject;
			attributes = {
				BuildIndependentTargetsInParallel = 1;
				LastSwiftUpdateCheck = 1510;
				LastUpgradeCheck = 1510;
				TargetAttributes = {
					0F318FC22B5F8A0400840189 = {
						CreatedOnToolsVersion = 15.1;
					};
					0F318FD82B5F8A0500840189 = {
						CreatedOnToolsVersion = 15.1;
						TestTargetID = 0F318FC22B5F8A0400840189;
					};
					0F318FE22B5F8A0500840189 = {
						CreatedOnToolsVersion = 15.1;
						TestTargetID = 0F318FC22B5F8A0400840189;
					};
				};
			};
			buildConfigurationList = 0F318FBE2B5F8A0400840189 /* Build configuration list for PBXProject "EmojiDictionary" */;
			compatibilityVersion = "Xcode 14.0";
			developmentRegion = en;
			hasScannedForEncodings = 0;
			knownRegions = (
				en,
				Base,
			);
			mainGroup = 0F318FBA2B5F8A0400840189;
			productRefGroup = 0F318FC42B5F8A0400840189 /* Products */;
			projectDirPath = "";
			projectRoot = "";
			targets = (
				0F318FC22B5F8A0400840189 /* EmojiDictionary */,
				0F318FD82B5F8A0500840189 /* EmojiDictionaryTests */,
				0F318FE22B5F8A0500840189 /* EmojiDictionaryUITests */,
			);
		};
/* End PBXProject section */

/* Begin PBXResourcesBuildPhase section */
		0F318FC12B5F8A0400840189 /* Resources */ = {
			isa = PBXResourcesBuildPhase;
			buildActionMask = 2147483647;
			files = (
				0F318FD32B5F8A0400840189 /* LaunchScreen.storyboard in Resources */,
				0F318FD02B5F8A0400840189 /* Assets.xcassets in Resources */,
				0F318FCE2B5F8A0400840189 /* Main.storyboard in Resources */,
			);
			runOnlyForDeploymentPostprocessing = 0;
		};
		0F318FD72B5F8A0500840189 /* Resources */ = {
			isa = PBXResourcesBuildPhase;
			buildActionMask = 2147483647;
			files = (
			);
			runOnlyForDeploymentPostprocessing = 0;
		};
		0F318FE12B5F8A0500840189 /* Resources */ = {
			isa = PBXResourcesBuildPhase;
			buildActionMask = 2147483647;
			files = (
			);
			runOnlyForDeploymentPostprocessing = 0;
		};
/* End PBXResourcesBuildPhase section */

/* Begin PBXSourcesBuildPhase section */
		0F318FBF2B5F8A0400840189 /* Sources */ = {
			isa = PBXSourcesBuildPhase;
			buildActionMask = 2147483647;
			files = (
				0F318FFD2B5FB71100840189 /* AddEditEmojiTableViewController.swift in Sources */,
				0F318FF92B5F8C9900840189 /* EmojiTableViewController.swift in Sources */,
				0F318FC72B5F8A0400840189 /* AppDelegate.swift in Sources */,
				0F318FFB2B5FAEF000840189 /* EmojiTableViewCell.swift in Sources */,
				0F318FF72B5F8A5F00840189 /* Emoji.swift in Sources */,
				0F318FC92B5F8A0400840189 /* SceneDelegate.swift in Sources */,
			);
			runOnlyForDeploymentPostprocessing = 0;
		};
		0F318FD52B5F8A0500840189 /* Sources */ = {
			isa = PBXSourcesBuildPhase;
			buildActionMask = 2147483647;
			files = (
				0F318FDE2B5F8A0500840189 /* EmojiDictionaryTests.swift in Sources */,
			);
			runOnlyForDeploymentPostprocessing = 0;
		};
		0F318FDF2B5F8A0500840189 /* Sources */ = {
			isa = PBXSourcesBuildPhase;
			buildActionMask = 2147483647;
			files = (
				0F318FE82B5F8A0500840189 /* EmojiDictionaryUITests.swift in Sources */,
				0F318FEA2B5F8A0500840189 /* EmojiDictionaryUITestsLaunchTests.swift in Sources */,
			);
			runOnlyForDeploymentPostprocessing = 0;
		};
/* End PBXSourcesBuildPhase section */

/* Begin PBXTargetDependency section */
		0F318FDB2B5F8A0500840189 /* PBXTargetDependency */ = {
			isa = PBXTargetDependency;
			target = 0F318FC22B5F8A0400840189 /* EmojiDictionary */;
			targetProxy = 0F318FDA2B5F8A0500840189 /* PBXContainerItemProxy */;
		};
		0F318FE52B5F8A0500840189 /* PBXTargetDependency */ = {
			isa = PBXTargetDependency;
			target = 0F318FC22B5F8A0400840189 /* EmojiDictionary */;
			targetProxy = 0F318FE42B5F8A0500840189 /* PBXContainerItemProxy */;
		};
/* End PBXTargetDependency section */

/* Begin PBXVariantGroup section */
		0F318FCC2B5F8A0400840189 /* Main.storyboard */ = {
			isa = PBXVariantGroup;
			children = (
				0F318FCD2B5F8A0400840189 /* Base */,
			);
			name = Main.storyboard;
			sourceTree = "<group>";
		};
		0F318FD12B5F8A0400840189 /* LaunchScreen.storyboard */ = {
			isa = PBXVariantGroup;
			children = (
				0F318FD22B5F8A0400840189 /* Base */,
			);
			name = LaunchScreen.storyboard;
			sourceTree = "<group>";
		};
/* End PBXVariantGroup section */

/* Begin XCBuildConfiguration section */
		0F318FEB2B5F8A0500840189 /* Debug */ = {
			isa = XCBuildConfiguration;
			buildSettings = {
				ALWAYS_SEARCH_USER_PATHS = NO;
				ASSETCATALOG_COMPILER_GENERATE_SWIFT_ASSET_SYMBOL_EXTENSIONS = YES;
				CLANG_ANALYZER_NONNULL = YES;
				CLANG_ANALYZER_NUMBER_OBJECT_CONVERSION = YES_AGGRESSIVE;
				CLANG_CXX_LANGUAGE_STANDARD = "gnu++20";
				CLANG_ENABLE_MODULES = YES;
				CLANG_ENABLE_OBJC_ARC = YES;
				CLANG_ENABLE_OBJC_WEAK = YES;
				CLANG_WARN_BLOCK_CAPTURE_AUTORELEASING = YES;
				CLANG_WARN_BOOL_CONVERSION = YES;
				CLANG_WARN_COMMA = YES;
				CLANG_WARN_CONSTANT_CONVERSION = YES;
				CLANG_WARN_DEPRECATED_OBJC_IMPLEMENTATIONS = YES;
				CLANG_WARN_DIRECT_OBJC_ISA_USAGE = YES_ERROR;
				CLANG_WARN_DOCUMENTATION_COMMENTS = YES;
				CLANG_WARN_EMPTY_BODY = YES;
				CLANG_WARN_ENUM_CONVERSION = YES;
				CLANG_WARN_INFINITE_RECURSION = YES;
				CLANG_WARN_INT_CONVERSION = YES;
				CLANG_WARN_NON_LITERAL_NULL_CONVERSION = YES;
				CLANG_WARN_OBJC_IMPLICIT_RETAIN_SELF = YES;
				CLANG_WARN_OBJC_LITERAL_CONVERSION = YES;
				CLANG_WARN_OBJC_ROOT_CLASS = YES_ERROR;
				CLANG_WARN_QUOTED_INCLUDE_IN_FRAMEWORK_HEADER = YES;
				CLANG_WARN_RANGE_LOOP_ANALYSIS = YES;
				CLANG_WARN_STRICT_PROTOTYPES = YES;
				CLANG_WARN_SUSPICIOUS_MOVE = YES;
				CLANG_WARN_UNGUARDED_AVAILABILITY = YES_AGGRESSIVE;
				CLANG_WARN_UNREACHABLE_CODE = YES;
				CLANG_WARN__DUPLICATE_METHOD_MATCH = YES;
				COPY_PHASE_STRIP = NO;
				DEBUG_INFORMATION_FORMAT = dwarf;
				ENABLE_STRICT_OBJC_MSGSEND = YES;
				ENABLE_TESTABILITY = YES;
				ENABLE_USER_SCRIPT_SANDBOXING = YES;
				GCC_C_LANGUAGE_STANDARD = gnu17;
				GCC_DYNAMIC_NO_PIC = NO;
				GCC_NO_COMMON_BLOCKS = YES;
				GCC_OPTIMIZATION_LEVEL = 0;
				GCC_PREPROCESSOR_DEFINITIONS = (
					"DEBUG=1",
					"$(inherited)",
				);
				GCC_WARN_64_TO_32_BIT_CONVERSION = YES;
				GCC_WARN_ABOUT_RETURN_TYPE = YES_ERROR;
				GCC_WARN_UNDECLARED_SELECTOR = YES;
				GCC_WARN_UNINITIALIZED_AUTOS = YES_AGGRESSIVE;
				GCC_WARN_UNUSED_FUNCTION = YES;
				GCC_WARN_UNUSED_VARIABLE = YES;
				IPHONEOS_DEPLOYMENT_TARGET = 17.2;
				LOCALIZATION_PREFERS_STRING_CATALOGS = YES;
				MTL_ENABLE_DEBUG_INFO = INCLUDE_SOURCE;
				MTL_FAST_MATH = YES;
				ONLY_ACTIVE_ARCH = YES;
				SDKROOT = iphoneos;
				SWIFT_ACTIVE_COMPILATION_CONDITIONS = "DEBUG $(inherited)";
				SWIFT_OPTIMIZATION_LEVEL = "-Onone";
			};
			name = Debug;
		};
		0F318FEC2B5F8A0500840189 /* Release */ = {
			isa = XCBuildConfiguration;
			buildSettings = {
				ALWAYS_SEARCH_USER_PATHS = NO;
				ASSETCATALOG_COMPILER_GENERATE_SWIFT_ASSET_SYMBOL_EXTENSIONS = YES;
				CLANG_ANALYZER_NONNULL = YES;
				CLANG_ANALYZER_NUMBER_OBJECT_CONVERSION = YES_AGGRESSIVE;
				CLANG_CXX_LANGUAGE_STANDARD = "gnu++20";
				CLANG_ENABLE_MODULES = YES;
				CLANG_ENABLE_OBJC_ARC = YES;
				CLANG_ENABLE_OBJC_WEAK = YES;
				CLANG_WARN_BLOCK_CAPTURE_AUTORELEASING = YES;
				CLANG_WARN_BOOL_CONVERSION = YES;
				CLANG_WARN_COMMA = YES;
				CLANG_WARN_CONSTANT_CONVERSION = YES;
				CLANG_WARN_DEPRECATED_OBJC_IMPLEMENTATIONS = YES;
				CLANG_WARN_DIRECT_OBJC_ISA_USAGE = YES_ERROR;
				CLANG_WARN_DOCUMENTATION_COMMENTS = YES;
				CLANG_WARN_EMPTY_BODY = YES;
				CLANG_WARN_ENUM_CONVERSION = YES;
				CLANG_WARN_INFINITE_RECURSION = YES;
				CLANG_WARN_INT_CONVERSION = YES;
				CLANG_WARN_NON_LITERAL_NULL_CONVERSION = YES;
				CLANG_WARN_OBJC_IMPLICIT_RETAIN_SELF = YES;
				CLANG_WARN_OBJC_LITERAL_CONVERSION = YES;
				CLANG_WARN_OBJC_ROOT_CLASS = YES_ERROR;
				CLANG_WARN_QUOTED_INCLUDE_IN_FRAMEWORK_HEADER = YES;
				CLANG_WARN_RANGE_LOOP_ANALYSIS = YES;
				CLANG_WARN_STRICT_PROTOTYPES = YES;
				CLANG_WARN_SUSPICIOUS_MOVE = YES;
				CLANG_WARN_UNGUARDED_AVAILABILITY = YES_AGGRESSIVE;
				CLANG_WARN_UNREACHABLE_CODE = YES;
				CLANG_WARN__DUPLICATE_METHOD_MATCH = YES;
				COPY_PHASE_STRIP = NO;
				DEBUG_INFORMATION_FORMAT = "dwarf-with-dsym";
				ENABLE_NS_ASSERTIONS = NO;
				ENABLE_STRICT_OBJC_MSGSEND = YES;
				ENABLE_USER_SCRIPT_SANDBOXING = YES;
				GCC_C_LANGUAGE_STANDARD = gnu17;
				GCC_NO_COMMON_BLOCKS = YES;
				GCC_WARN_64_TO_32_BIT_CONVERSION = YES;
				GCC_WARN_ABOUT_RETURN_TYPE = YES_ERROR;
				GCC_WARN_UNDECLARED_SELECTOR = YES;
				GCC_WARN_UNINITIALIZED_AUTOS = YES_AGGRESSIVE;
				GCC_WARN_UNUSED_FUNCTION = YES;
				GCC_WARN_UNUSED_VARIABLE = YES;
				IPHONEOS_DEPLOYMENT_TARGET = 17.2;
				LOCALIZATION_PREFERS_STRING_CATALOGS = YES;
				MTL_ENABLE_DEBUG_INFO = NO;
				MTL_FAST_MATH = YES;
				SDKROOT = iphoneos;
				SWIFT_COMPILATION_MODE = wholemodule;
				VALIDATE_PRODUCT = YES;
			};
			name = Release;
		};
		0F318FEE2B5F8A0500840189 /* Debug */ = {
			isa = XCBuildConfiguration;
			buildSettings = {
				ASSETCATALOG_COMPILER_APPICON_NAME = AppIcon;
				ASSETCATALOG_COMPILER_GLOBAL_ACCENT_COLOR_NAME = AccentColor;
				CODE_SIGN_STYLE = Automatic;
				CURRENT_PROJECT_VERSION = 1;
				GENERATE_INFOPLIST_FILE = YES;
				INFOPLIST_FILE = EmojiDictionary/Info.plist;
				INFOPLIST_KEY_UIApplicationSupportsIndirectInputEvents = YES;
				INFOPLIST_KEY_UILaunchStoryboardName = LaunchScreen;
				INFOPLIST_KEY_UIMainStoryboardFile = Main;
				INFOPLIST_KEY_UISupportedInterfaceOrientations_iPad = "UIInterfaceOrientationPortrait UIInterfaceOrientationPortraitUpsideDown UIInterfaceOrientationLandscapeLeft UIInterfaceOrientationLandscapeRight";
				INFOPLIST_KEY_UISupportedInterfaceOrientations_iPhone = "UIInterfaceOrientationPortrait UIInterfaceOrientationLandscapeLeft UIInterfaceOrientationLandscapeRight";
				IPHONEOS_DEPLOYMENT_TARGET = 16.4;
				LD_RUNPATH_SEARCH_PATHS = (
					"$(inherited)",
					"@executable_path/Frameworks",
				);
				MARKETING_VERSION = 1.0;
				PRODUCT_BUNDLE_IDENTIFIER = in.edu.srmist.EmojiDictionary;
				PRODUCT_NAME = "$(TARGET_NAME)";
				SWIFT_EMIT_LOC_STRINGS = YES;
				SWIFT_VERSION = 5.0;
				TARGETED_DEVICE_FAMILY = "1,2";
			};
			name = Debug;
		};
		0F318FEF2B5F8A0500840189 /* Release */ = {
			isa = XCBuildConfiguration;
			buildSettings = {
				ASSETCATALOG_COMPILER_APPICON_NAME = AppIcon;
				ASSETCATALOG_COMPILER_GLOBAL_ACCENT_COLOR_NAME = AccentColor;
				CODE_SIGN_STYLE = Automatic;
				CURRENT_PROJECT_VERSION = 1;
				GENERATE_INFOPLIST_FILE = YES;
				INFOPLIST_FILE = EmojiDictionary/Info.plist;
				INFOPLIST_KEY_UIApplicationSupportsIndirectInputEvents = YES;
				INFOPLIST_KEY_UILaunchStoryboardName = LaunchScreen;
				INFOPLIST_KEY_UIMainStoryboardFile = Main;
				INFOPLIST_KEY_UISupportedInterfaceOrientations_iPad = "UIInterfaceOrientationPortrait UIInterfaceOrientationPortraitUpsideDown UIInterfaceOrientationLandscapeLeft UIInterfaceOrientationLandscapeRight";
				INFOPLIST_KEY_UISupportedInterfaceOrientations_iPhone = "UIInterfaceOrientationPortrait UIInterfaceOrientationLandscapeLeft UIInterfaceOrientationLandscapeRight";
				IPHONEOS_DEPLOYMENT_TARGET = 16.4;
				LD_RUNPATH_SEARCH_PATHS = (
					"$(inherited)",
					"@executable_path/Frameworks",
				);
				MARKETING_VERSION = 1.0;
				PRODUCT_BUNDLE_IDENTIFIER = in.edu.srmist.EmojiDictionary;
				PRODUCT_NAME = "$(TARGET_NAME)";
				SWIFT_EMIT_LOC_STRINGS = YES;
				SWIFT_VERSION = 5.0;
				TARGETED_DEVICE_FAMILY = "1,2";
			};
			name = Release;
		};
		0F318FF12B5F8A0500840189 /* Debug */ = {
			isa = XCBuildConfiguration;
			buildSettings = {
				ALWAYS_EMBED_SWIFT_STANDARD_LIBRARIES = YES;
				BUNDLE_LOADER = "$(TEST_HOST)";
				CODE_SIGN_STYLE = Automatic;
				CURRENT_PROJECT_VERSION = 1;
				GENERATE_INFOPLIST_FILE = YES;
				IPHONEOS_DEPLOYMENT_TARGET = 17.2;
				MARKETING_VERSION = 1.0;
				PRODUCT_BUNDLE_IDENTIFIER = in.edu.srmist.EmojiDictionaryTests;
				PRODUCT_NAME = "$(TARGET_NAME)";
				SWIFT_EMIT_LOC_STRINGS = NO;
				SWIFT_VERSION = 5.0;
				TARGETED_DEVICE_FAMILY = "1,2";
				TEST_HOST = "$(BUILT_PRODUCTS_DIR)/EmojiDictionary.app/$(BUNDLE_EXECUTABLE_FOLDER_PATH)/EmojiDictionary";
			};
			name = Debug;
		};
		0F318FF22B5F8A0500840189 /* Release */ = {
			isa = XCBuildConfiguration;
			buildSettings = {
				ALWAYS_EMBED_SWIFT_STANDARD_LIBRARIES = YES;
				BUNDLE_LOADER = "$(TEST_HOST)";
				CODE_SIGN_STYLE = Automatic;
				CURRENT_PROJECT_VERSION = 1;
				GENERATE_INFOPLIST_FILE = YES;
				IPHONEOS_DEPLOYMENT_TARGET = 17.2;
				MARKETING_VERSION = 1.0;
				PRODUCT_BUNDLE_IDENTIFIER = in.edu.srmist.EmojiDictionaryTests;
				PRODUCT_NAME = "$(TARGET_NAME)";
				SWIFT_EMIT_LOC_STRINGS = NO;
				SWIFT_VERSION = 5.0;
				TARGETED_DEVICE_FAMILY = "1,2";
				TEST_HOST = "$(BUILT_PRODUCTS_DIR)/EmojiDictionary.app/$(BUNDLE_EXECUTABLE_FOLDER_PATH)/EmojiDictionary";
			};
			name = Release;
		};
		0F318FF42B5F8A0500840189 /* Debug */ = {
			isa = XCBuildConfiguration;
			buildSettings = {
				ALWAYS_EMBED_SWIFT_STANDARD_LIBRARIES = YES;
				CODE_SIGN_STYLE = Automatic;
				CURRENT_PROJECT_VERSION = 1;
				GENERATE_INFOPLIST_FILE = YES;
				MARKETING_VERSION = 1.0;
				PRODUCT_BUNDLE_IDENTIFIER = in.edu.srmist.EmojiDictionaryUITests;
				PRODUCT_NAME = "$(TARGET_NAME)";
				SWIFT_EMIT_LOC_STRINGS = NO;
				SWIFT_VERSION = 5.0;
				TARGETED_DEVICE_FAMILY = "1,2";
				TEST_TARGET_NAME = EmojiDictionary;
			};
			name = Debug;
		};
		0F318FF52B5F8A0500840189 /* Release */ = {
			isa = XCBuildConfiguration;
			buildSettings = {
				ALWAYS_EMBED_SWIFT_STANDARD_LIBRARIES = YES;
				CODE_SIGN_STYLE = Automatic;
				CURRENT_PROJECT_VERSION = 1;
				GENERATE_INFOPLIST_FILE = YES;
				MARKETING_VERSION = 1.0;
				PRODUCT_BUNDLE_IDENTIFIER = in.edu.srmist.EmojiDictionaryUITests;
				PRODUCT_NAME = "$(TARGET_NAME)";
				SWIFT_EMIT_LOC_STRINGS = NO;
				SWIFT_VERSION = 5.0;
				TARGETED_DEVICE_FAMILY = "1,2";
				TEST_TARGET_NAME = EmojiDictionary;
			};
			name = Release;
		};
/* End XCBuildConfiguration section */

/* Begin XCConfigurationList section */
		0F318FBE2B5F8A0400840189 /* Build configuration list for PBXProject "EmojiDictionary" */ = {
			isa = XCConfigurationList;
			buildConfigurations = (
				0F318FEB2B5F8A0500840189 /* Debug */,
				0F318FEC2B5F8A0500840189 /* Release */,
			);
			defaultConfigurationIsVisible = 0;
			defaultConfigurationName = Release;
		};
		0F318FED2B5F8A0500840189 /* Build configuration list for PBXNativeTarget "EmojiDictionary" */ = {
			isa = XCConfigurationList;
			buildConfigurations = (
				0F318FEE2B5F8A0500840189 /* Debug */,
				0F318FEF2B5F8A0500840189 /* Release */,
			);
			defaultConfigurationIsVisible = 0;
			defaultConfigurationName = Release;
		};
		0F318FF02B5F8A0500840189 /* Build configuration list for PBXNativeTarget "EmojiDictionaryTests" */ = {
			isa = XCConfigurationList;
			buildConfigurations = (
				0F318FF12B5F8A0500840189 /* Debug */,
				0F318FF22B5F8A0500840189 /* Release */,
			);
			defaultConfigurationIsVisible = 0;
			defaultConfigurationName = Release;
		};
		0F318FF32B5F8A0500840189 /* Build configuration list for PBXNativeTarget "EmojiDictionaryUITests" */ = {
			isa = XCConfigurationList;
			buildConfigurations = (
				0F318FF42B5F8A0500840189 /* Debug */,
				0F318FF52B5F8A0500840189 /* Release */,
			);
			defaultConfigurationIsVisible = 0;
			defaultConfigurationName = Release;
		};
/* End XCConfigurationList section */
	};
	rootObject = 0F318FBB2B5F8A0400840189 /* Project object */;
}
